<?xml version="1.0" encoding="utf-8"?>
<Project ToolsVersion="4.0" xmlns="http://schemas.microsoft.com/developer/msbuild/2003">
  <ItemGroup>
    <Filter Include="Pado">
      <UniqueIdentifier>{C9978A7C-B5CE-8B0D-5EBB-71104AD1070F}</UniqueIdentifier>
    </Filter>
  </ItemGroup>
  <ItemGroup>
    <ClInclude Include="src\Pado.h" />
    <ClInclude Include="src\Pado\Application.h">
      <Filter>Pado</Filter>
    </ClInclude>
    <ClInclude Include="src\Pado\Core.h">
      <Filter>Pado</Filter>
    </ClInclude>
    <ClInclude Include="src\Pado\EntryPoint.h">
      <Filter>Pado</Filter>
    </ClInclude>
    <ClInclude Include="src\Pado\Log.h">
      <Filter>Pado</Filter>
    </ClInclude>
    <ClInclude Include="src\Pado\Events\Event.h" />
    <ClInclude Include="src\Pado\Events\KeyEvent.h" />
    <ClInclude Include="src\Pado\Events\MouseEvent.h" />
    <ClInclude Include="src\Pado\Events\ApplicationEvent.h" />
  </ItemGroup>
  <ItemGroup>
    <ClCompile Include="src\Pado\Application.cpp">
      <Filter>Pado</Filter>
    </ClCompile>
    <ClCompile Include="src\Pado\Log.cpp">
      <Filter>Pado</Filter>
    </ClCompile>
  </ItemGroup>
</Project>